Microsoft Visual Studio Solution File, Format Version 11.00
# Visual Studio 2008

Project("{2205DC08-2BA5-50B6-7AD7-1E3E2241D9A6}") = "Tracking", "Assembly-CSharp-firstpass.csproj", "{958A1D7D-5438-032D-9747-3091869C1844}"
EndProject
Project("{2205DC08-2BA5-50B6-7AD7-1E3E2241D9A6}") = "Tracking", "Assembly-CSharp.csproj", "{2AF53136-3116-EBCA-BD20-DB547E3E76A6}"
EndProject
Project("{2205DC08-2BA5-50B6-7AD7-1E3E2241D9A6}") = "Tracking", "Assembly-CSharp-Editor.csproj", "{4935BE30-85C7-B5F2-5DC4-FCB124971522}"
EndProject
Project("{2205DC08-2BA5-50B6-7AD7-1E3E2241D9A6}") = "Tracking", "Assembly-UnityScript.unityproj", "{9B9A83EA-B17E-CE4D-6FE7-753DC434093B}"
EndProject
Global
	GlobalSection(SolutionConfigurationPlatforms) = preSolution
		Debug|Any CPU = Debug|Any CPU
		Release|Any CPU = Release|Any CPU
	EndGlobalSection
	GlobalSection(ProjectConfigurationPlatforms) = postSolution
		{958A1D7D-5438-032D-9747-3091869C1844}.Debug|Any CPU.ActiveCfg = Debug|Any CPU
		{958A1D7D-5438-032D-9747-3091869C1844}.Debug|Any CPU.Build.0 = Debug|Any CPU
		{958A1D7D-5438-032D-9747-3091869C1844}.Release|Any CPU.ActiveCfg = Release|Any CPU
		{958A1D7D-5438-032D-9747-3091869C1844}.Release|Any CPU.Build.0 = Release|Any CPU
		{2AF53136-3116-EBCA-BD20-DB547E3E76A6}.Debug|Any CPU.ActiveCfg = Debug|Any CPU
		{2AF53136-3116-EBCA-BD20-DB547E3E76A6}.Debug|Any CPU.Build.0 = Debug|Any CPU
		{2AF53136-3116-EBCA-BD20-DB547E3E76A6}.Release|Any CPU.ActiveCfg = Release|Any CPU
		{2AF53136-3116-EBCA-BD20-DB547E3E76A6}.Release|Any CPU.Build.0 = Release|Any CPU
		{4935BE30-85C7-B5F2-5DC4-FCB124971522}.Debug|Any CPU.ActiveCfg = Debug|Any CPU
		{4935BE30-85C7-B5F2-5DC4-FCB124971522}.Debug|Any CPU.Build.0 = Debug|Any CPU
		{4935BE30-85C7-B5F2-5DC4-FCB124971522}.Release|Any CPU.ActiveCfg = Release|Any CPU
		{4935BE30-85C7-B5F2-5DC4-FCB124971522}.Release|Any CPU.Build.0 = Release|Any CPU
		{9B9A83EA-B17E-CE4D-6FE7-753DC434093B}.Debug|Any CPU.ActiveCfg = Debug|Any CPU
		{9B9A83EA-B17E-CE4D-6FE7-753DC434093B}.Debug|Any CPU.Build.0 = Debug|Any CPU
		{9B9A83EA-B17E-CE4D-6FE7-753DC434093B}.Release|Any CPU.ActiveCfg = Release|Any CPU
		{9B9A83EA-B17E-CE4D-6FE7-753DC434093B}.Release|Any CPU.Build.0 = Release|Any CPU
	EndGlobalSection
	GlobalSection(SolutionProperties) = preSolution
		HideSolutionNode = FALSE
	EndGlobalSection
	GlobalSection(MonoDevelopProperties) = preSolution
		StartupItem = Assembly-CSharp.csproj
	EndGlobalSection
EndGlobal
