Microsoft Visual Studio Solution File, Format Version 11.00
# Visual Studio 2008

Project("{E7DD9848-D1DF-C7C1-6ED4-4D73A8BD066D}") = "Virtual Reality Test", "Assembly-CSharp-firstpass.csproj", "{04B0D66A-327C-C903-2460-C8705B6E16D1}"
EndProject
Project("{E7DD9848-D1DF-C7C1-6ED4-4D73A8BD066D}") = "Virtual Reality Test", "Assembly-CSharp.csproj", "{6B5FF05C-5EF0-AC14-602D-BA1246A7EF73}"
EndProject
Project("{E7DD9848-D1DF-C7C1-6ED4-4D73A8BD066D}") = "Virtual Reality Test", "Assembly-CSharp-Editor.csproj", "{23E83AAA-88CA-8167-4205-FA652D3E9362}"
EndProject
Global
	GlobalSection(SolutionConfigurationPlatforms) = preSolution
		Debug|Any CPU = Debug|Any CPU
		Release|Any CPU = Release|Any CPU
	EndGlobalSection
	GlobalSection(ProjectConfigurationPlatforms) = postSolution
		{04B0D66A-327C-C903-2460-C8705B6E16D1}.Debug|Any CPU.ActiveCfg = Debug|Any CPU
		{04B0D66A-327C-C903-2460-C8705B6E16D1}.Debug|Any CPU.Build.0 = Debug|Any CPU
		{04B0D66A-327C-C903-2460-C8705B6E16D1}.Release|Any CPU.ActiveCfg = Release|Any CPU
		{04B0D66A-327C-C903-2460-C8705B6E16D1}.Release|Any CPU.Build.0 = Release|Any CPU
		{6B5FF05C-5EF0-AC14-602D-BA1246A7EF73}.Debug|Any CPU.ActiveCfg = Debug|Any CPU
		{6B5FF05C-5EF0-AC14-602D-BA1246A7EF73}.Debug|Any CPU.Build.0 = Debug|Any CPU
		{6B5FF05C-5EF0-AC14-602D-BA1246A7EF73}.Release|Any CPU.ActiveCfg = Release|Any CPU
		{6B5FF05C-5EF0-AC14-602D-BA1246A7EF73}.Release|Any CPU.Build.0 = Release|Any CPU
		{23E83AAA-88CA-8167-4205-FA652D3E9362}.Debug|Any CPU.ActiveCfg = Debug|Any CPU
		{23E83AAA-88CA-8167-4205-FA652D3E9362}.Debug|Any CPU.Build.0 = Debug|Any CPU
		{23E83AAA-88CA-8167-4205-FA652D3E9362}.Release|Any CPU.ActiveCfg = Release|Any CPU
		{23E83AAA-88CA-8167-4205-FA652D3E9362}.Release|Any CPU.Build.0 = Release|Any CPU
	EndGlobalSection
	GlobalSection(SolutionProperties) = preSolution
		HideSolutionNode = FALSE
	EndGlobalSection
	GlobalSection(MonoDevelopProperties) = preSolution
		StartupItem = Assembly-CSharp.csproj
	EndGlobalSection
EndGlobal
